hash: 75f9cdc9cd9a194f8b186b04e12f64cdca349e95a60ec3e4b73c0ff627c33b21
updated: 2016-11-23T16:12:57.776064844+01:00
imports:
- name: github.com/golang/glog
  version: 23def4e6c14b4da8ac2ed8007337bc5eb5007998
testImports:
- name: github.com/bborbe/assert
  version: d2b3a7c4c731ac8cc63c6f5a1ea7d401e7547d42
